
Microsoft Visual Studio Solution File, Format Version 12.00
# Visual Studio Version 16
VisualStudioVersion = 16.0.29613.14
MinimumVisualStudioVersion = 10.0.40219.1
Project("{FAE04EC0-301F-11D3-BF4B-00C04F79EFBC}") = "MattFengTestMain", "MattFengTestMain\MattFengTestMain.csproj", "{632B579F-DD57-4642-8F15-8E1DA995B923}"
EndProject
Global
	GlobalSection(SolutionConfigurationPlatforms) = preSolution
		Debug|Any CPU = Debug|Any CPU
		Release|Any CPU = Release|Any CPU
	EndGlobalSection
	GlobalSection(ProjectConfigurationPlatforms) = postSolution
		{632B579F-DD57-4642-8F15-8E1DA995B923}.Debug|Any CPU.ActiveCfg = Debug|Any CPU
		{632B579F-DD57-4642-8F15-8E1DA995B923}.Debug|Any CPU.Build.0 = Debug|Any CPU
		{632B579F-DD57-4642-8F15-8E1DA995B923}.Release|Any CPU.ActiveCfg = Release|Any CPU
		{632B579F-DD57-4642-8F15-8E1DA995B923}.Release|Any CPU.Build.0 = Release|Any CPU
	EndGlobalSection
	GlobalSection(SolutionProperties) = preSolution
		HideSolutionNode = FALSE
	EndGlobalSection
	GlobalSection(ExtensibilityGlobals) = postSolution
		SolutionGuid = {3E901A47-20FF-4715-908F-AFD435274C43}
	EndGlobalSection
EndGlobal
